
Microsoft Visual Studio Solution File, Format Version 12.00
# Visual Studio Version 17
VisualStudioVersion = 17.1.32210.238
MinimumVisualStudioVersion = 10.0.40219.1
Project("{FAE04EC0-301F-11D3-BF4B-00C04F79EFBC}") = "MathsLibrary", "MathsLibrary.csproj", "{D229E9A1-3EB7-479B-8A71-85461785CFFC}"
EndProject
Project("{FAE04EC0-301F-11D3-BF4B-00C04F79EFBC}") = "MathsClient", "..\MathsClient\MathsClient.csproj", "{8C50C601-F121-4953-B601-EBBCADD91683}"
EndProject
Global
	GlobalSection(SolutionConfigurationPlatforms) = preSolution
		Debug|Any CPU = Debug|Any CPU
		Release|Any CPU = Release|Any CPU
	EndGlobalSection
	GlobalSection(ProjectConfigurationPlatforms) = postSolution
		{D229E9A1-3EB7-479B-8A71-85461785CFFC}.Debug|Any CPU.ActiveCfg = Debug|Any CPU
		{D229E9A1-3EB7-479B-8A71-85461785CFFC}.Debug|Any CPU.Build.0 = Debug|Any CPU
		{D229E9A1-3EB7-479B-8A71-85461785CFFC}.Release|Any CPU.ActiveCfg = Release|Any CPU
		{D229E9A1-3EB7-479B-8A71-85461785CFFC}.Release|Any CPU.Build.0 = Release|Any CPU
		{8C50C601-F121-4953-B601-EBBCADD91683}.Debug|Any CPU.ActiveCfg = Debug|Any CPU
		{8C50C601-F121-4953-B601-EBBCADD91683}.Debug|Any CPU.Build.0 = Debug|Any CPU
		{8C50C601-F121-4953-B601-EBBCADD91683}.Release|Any CPU.ActiveCfg = Release|Any CPU
		{8C50C601-F121-4953-B601-EBBCADD91683}.Release|Any CPU.Build.0 = Release|Any CPU
	EndGlobalSection
	GlobalSection(SolutionProperties) = preSolution
		HideSolutionNode = FALSE
	EndGlobalSection
	GlobalSection(ExtensibilityGlobals) = postSolution
		SolutionGuid = {66943671-73B9-4A8C-9807-0D1502DA14A5}
	EndGlobalSection
EndGlobal
