
Microsoft Visual Studio Solution File, Format Version 12.00
Project("{FAE04EC0-301F-11D3-BF4B-00C04F79EFBC}") = "TD4", "TD4.csproj", "{DB966B49-6C50-4AE3-BC4A-505A636A4874}"
EndProject
Global
	GlobalSection(SolutionConfigurationPlatforms) = preSolution
		Debug|Any CPU = Debug|Any CPU
		Release|Any CPU = Release|Any CPU
	EndGlobalSection
	GlobalSection(ProjectConfigurationPlatforms) = postSolution
		{DB966B49-6C50-4AE3-BC4A-505A636A4874}.Debug|Any CPU.ActiveCfg = Debug|Any CPU
		{DB966B49-6C50-4AE3-BC4A-505A636A4874}.Debug|Any CPU.Build.0 = Debug|Any CPU
		{DB966B49-6C50-4AE3-BC4A-505A636A4874}.Release|Any CPU.ActiveCfg = Release|Any CPU
		{DB966B49-6C50-4AE3-BC4A-505A636A4874}.Release|Any CPU.Build.0 = Release|Any CPU
	EndGlobalSection
EndGlobal
